PODS:
  - AFNetworking (3.1.0):
    - AFNetworking/NSURLSession (= 3.1.0)
    - AFNetworking/Reachability (= 3.1.0)
    - AFNetworking/Security (= 3.1.0)
    - AFNetworking/Serialization (= 3.1.0)
    - AFNetworking/UIKit (= 3.1.0)
  - AFNetworking/NSURLSession (3.1.0):
    - AFNetworking/Reachability
    - AFNetworking/Security
    - AFNetworking/Serialization
  - AFNetworking/Reachability (3.1.0)
  - AFNetworking/Security (3.1.0)
  - AFNetworking/Serialization (3.1.0)
  - AFNetworking/UIKit (3.1.0):
    - AFNetworking/NSURLSession
  - ChineseColor (0.0.3)
  - UIColor+RandomColors (0.1.0)

DEPENDENCIES:
  - AFNetworking (~> 3.1.0)
  - ChineseColor (~> 0.0.3)
  - UIColor+RandomColors (~> 0.1.0)

SPEC CHECKSUMS:
  AFNetworking: 5e0e199f73d8626b11e79750991f5d173d1f8b67
  ChineseColor: 0eb0934905e48422e5d86ca66603ce2a6405c489
  UIColor+RandomColors: 9994c29099ba58bd09cfb46786d1b27d14d8f089

COCOAPODS: 0.39.0
