// !$*UTF8*$!
{
	archiveVersion = 1;
	classes = {
	};
	objectVersion = 46;
	objects = {

/* Begin PBXBuildFile section */
		09F6DBB6959B2C17DF01FE38 /* libPods.a in Frameworks */ = {isa = PBXBuildFile; fileRef = DD1394F60A32027223426D95 /* libPods.a */; };
		F550D34A1CE97BAE00200EF4 /* main.m in Sources */ = {isa = PBXBuildFile; fileRef = F550D3491CE97BAE00200EF4 /* main.m */; };
		F550D34D1CE97BAE00200EF4 /* AppDelegate.m in Sources */ = {isa = PBXBuildFile; fileRef = F550D34C1CE97BAE00200EF4 /* AppDelegate.m */; };
		F550D3531CE97BAE00200EF4 /* Main.storyboard in Resources */ = {isa = PBXBuildFile; fileRef = F550D3511CE97BAE00200EF4 /* Main.storyboard */; };
		F550D3551CE97BAE00200EF4 /* Assets.xcassets in Resources */ = {isa = PBXBuildFile; fileRef = F550D3541CE97BAE00200EF4 /* Assets.xcassets */; };
		F550D3581CE97BAE00200EF4 /* LaunchScreen.storyboard in Resources */ = {isa = PBXBuildFile; fileRef = F550D3561CE97BAE00200EF4 /* LaunchScreen.storyboard */; };
		F550D3631CE97BAE00200EF4 /* ManageBooksTests.m in Sources */ = {isa = PBXBuildFile; fileRef = F550D3621CE97BAE00200EF4 /* ManageBooksTests.m */; };
		F550D36E1CE97BAE00200EF4 /* ManageBooksUITests.m in Sources */ = {isa = PBXBuildFile; fileRef = F550D36D1CE97BAE00200EF4 /* ManageBooksUITests.m */; };
		F550D3831CE97D6C00200EF4 /* UrlBuilder.m in Sources */ = {isa = PBXBuildFile; fileRef = F550D3821CE97D6C00200EF4 /* UrlBuilder.m */; };
		F550D3871CE9807200200EF4 /* GlobeDefine.m in Sources */ = {isa = PBXBuildFile; fileRef = F550D3861CE9807200200EF4 /* GlobeDefine.m */; };
		F550D38B1CE9AD9C00200EF4 /* AuthViewController.m in Sources */ = {isa = PBXBuildFile; fileRef = F550D38A1CE9AD9C00200EF4 /* AuthViewController.m */; };
		F550D3951CE9B0CC00200EF4 /* AuthDataController.m in Sources */ = {isa = PBXBuildFile; fileRef = F550D3941CE9B0CC00200EF4 /* AuthDataController.m */; };
		F550D3A11CE9B86400200EF4 /* DataStore.m in Sources */ = {isa = PBXBuildFile; fileRef = F550D39E1CE9B86400200EF4 /* DataStore.m */; };
		F550D3A21CE9B86400200EF4 /* UserDataStore.m in Sources */ = {isa = PBXBuildFile; fileRef = F550D3A01CE9B86400200EF4 /* UserDataStore.m */; };
		F550D3AB1CE9DB0500200EF4 /* BTagModel.m in Sources */ = {isa = PBXBuildFile; fileRef = F550D3AA1CE9DB0500200EF4 /* BTagModel.m */; };
		F550D3AE1CE9DB1700200EF4 /* BRateModel.m in Sources */ = {isa = PBXBuildFile; fileRef = F550D3AD1CE9DB1700200EF4 /* BRateModel.m */; };
		F550D3B11CE9DB5100200EF4 /* BImageModel.m in Sources */ = {isa = PBXBuildFile; fileRef = F550D3B01CE9DB5100200EF4 /* BImageModel.m */; };
		F550D3B41CE9DB9200200EF4 /* BookModel.m in Sources */ = {isa = PBXBuildFile; fileRef = F550D3B31CE9DB9200200EF4 /* BookModel.m */; };
		F550D3B81CE9DD4200200EF4 /* UserBookModel.m in Sources */ = {isa = PBXBuildFile; fileRef = F550D3B71CE9DD4200200EF4 /* UserBookModel.m */; };
		F550D3C41CE9E07C00200EF4 /* RootViewController.m in Sources */ = {isa = PBXBuildFile; fileRef = F550D3C31CE9E07C00200EF4 /* RootViewController.m */; };
		F550D3C71CE9E30800200EF4 /* RootDataController.m in Sources */ = {isa = PBXBuildFile; fileRef = F550D3C61CE9E30800200EF4 /* RootDataController.m */; };
		F550D3CB1CEB08C900200EF4 /* UIView+.m in Sources */ = {isa = PBXBuildFile; fileRef = F550D3CA1CEB08C900200EF4 /* UIView+.m */; };
		F550D3D01CEB08DF00200EF4 /* UIDevice+.m in Sources */ = {isa = PBXBuildFile; fileRef = F550D3CD1CEB08DF00200EF4 /* UIDevice+.m */; };
		F550D3D11CEB08DF00200EF4 /* UIImage+.m in Sources */ = {isa = PBXBuildFile; fileRef = F550D3CF1CEB08DF00200EF4 /* UIImage+.m */; };
		F550D3D51CEB0A5500200EF4 /* BaseBookCell.m in Sources */ = {isa = PBXBuildFile; fileRef = F550D3D41CEB0A5500200EF4 /* BaseBookCell.m */; };
		F550D3E71CEB288D00200EF4 /* Icon-60.png in Resources */ = {isa = PBXBuildFile; fileRef = F550D3D71CEB288D00200EF4 /* Icon-60.png */; };
		F550D3E81CEB288D00200EF4 /* Icon-60@2x.png in Resources */ = {isa = PBXBuildFile; fileRef = F550D3D81CEB288D00200EF4 /* Icon-60@2x.png */; };
		F550D3E91CEB288D00200EF4 /* Icon-72.png in Resources */ = {isa = PBXBuildFile; fileRef = F550D3D91CEB288D00200EF4 /* Icon-72.png */; };
		F550D3EA1CEB288D00200EF4 /* Icon-72@2x.png in Resources */ = {isa = PBXBuildFile; fileRef = F550D3DA1CEB288D00200EF4 /* Icon-72@2x.png */; };
		F550D3EB1CEB288D00200EF4 /* Icon-76.png in Resources */ = {isa = PBXBuildFile; fileRef = F550D3DB1CEB288D00200EF4 /* Icon-76.png */; };
		F550D3EC1CEB288D00200EF4 /* Icon-76@2x.png in Resources */ = {isa = PBXBuildFile; fileRef = F550D3DC1CEB288D00200EF4 /* Icon-76@2x.png */; };
		F550D3ED1CEB288D00200EF4 /* Icon-Small-50.png in Resources */ = {isa = PBXBuildFile; fileRef = F550D3DD1CEB288D00200EF4 /* Icon-Small-50.png */; };
		F550D3EE1CEB288D00200EF4 /* Icon-Small-50@2x.png in Resources */ = {isa = PBXBuildFile; fileRef = F550D3DE1CEB288D00200EF4 /* Icon-Small-50@2x.png */; };
		F550D3EF1CEB288D00200EF4 /* Icon-Small.png in Resources */ = {isa = PBXBuildFile; fileRef = F550D3DF1CEB288D00200EF4 /* Icon-Small.png */; };
		F550D3F01CEB288D00200EF4 /* Icon-Small@2x.png in Resources */ = {isa = PBXBuildFile; fileRef = F550D3E01CEB288D00200EF4 /* Icon-Small@2x.png */; };
		F550D3F11CEB288D00200EF4 /* Icon-Spotlight-40.png in Resources */ = {isa = PBXBuildFile; fileRef = F550D3E11CEB288D00200EF4 /* Icon-Spotlight-40.png */; };
		F550D3F21CEB288D00200EF4 /* Icon-Spotlight-40@2x.png in Resources */ = {isa = PBXBuildFile; fileRef = F550D3E21CEB288D00200EF4 /* Icon-Spotlight-40@2x.png */; };
		F550D3F31CEB288D00200EF4 /* Icon.png in Resources */ = {isa = PBXBuildFile; fileRef = F550D3E31CEB288D00200EF4 /* Icon.png */; };
		F550D3F41CEB288D00200EF4 /* Icon@2x.png in Resources */ = {isa = PBXBuildFile; fileRef = F550D3E41CEB288D00200EF4 /* Icon@2x.png */; };
		F550D3F51CEB288D00200EF4 /* iTunesArtwork in Resources */ = {isa = PBXBuildFile; fileRef = F550D3E51CEB288D00200EF4 /* iTunesArtwork */; };
		F550D3F61CEB288D00200EF4 /* iTunesArtwork@2x in Resources */ = {isa = PBXBuildFile; fileRef = F550D3E61CEB288D00200EF4 /* iTunesArtwork@2x */; };
		F550D3FB1CEC159C00200EF4 /* BookDetailVC.m in Sources */ = {isa = PBXBuildFile; fileRef = F550D3FA1CEC159C00200EF4 /* BookDetailVC.m */; };
		F550D3FF1CEC15C800200EF4 /* BookDetailDC.m in Sources */ = {isa = PBXBuildFile; fileRef = F550D3FE1CEC15C800200EF4 /* BookDetailDC.m */; };
		F550D4021CEC577100200EF4 /* Contacts.framework in Frameworks */ = {isa = PBXBuildFile; fileRef = F550D4011CEC577100200EF4 /* Contacts.framework */; };
		F550D4051CEC65D500200EF4 /* FRMaskImageView.m in Sources */ = {isa = PBXBuildFile; fileRef = F550D4041CEC65D500200EF4 /* FRMaskImageView.m */; };
		F550D4091CEC67A300200EF4 /* ReadTypeView.m in Sources */ = {isa = PBXBuildFile; fileRef = F550D4081CEC67A300200EF4 /* ReadTypeView.m */; };
		F550D40C1CEC899300200EF4 /* AnnotationView.m in Sources */ = {isa = PBXBuildFile; fileRef = F550D40B1CEC899300200EF4 /* AnnotationView.m */; };
		F550D40F1CEC8A8100200EF4 /* AnnotationCell.m in Sources */ = {isa = PBXBuildFile; fileRef = F550D40E1CEC8A8100200EF4 /* AnnotationCell.m */; };
		F550D4161CEC957700200EF4 /* AnnotationModel.m in Sources */ = {isa = PBXBuildFile; fileRef = F550D4151CEC957700200EF4 /* AnnotationModel.m */; };
		F550D4191CEC958700200EF4 /* AnnotationAuthor.m in Sources */ = {isa = PBXBuildFile; fileRef = F550D4181CEC958700200EF4 /* AnnotationAuthor.m */; };
		F550D4201CED61FB00200EF4 /* DACircularProgressView.m in Sources */ = {isa = PBXBuildFile; fileRef = F550D41D1CED61FB00200EF4 /* DACircularProgressView.m */; };
		F550D4211CED61FB00200EF4 /* DALabeledCircularProgressView.m in Sources */ = {isa = PBXBuildFile; fileRef = F550D41F1CED61FB00200EF4 /* DALabeledCircularProgressView.m */; };
		F550D4261CED65EF00200EF4 /* ProgressVC.m in Sources */ = {isa = PBXBuildFile; fileRef = F550D4251CED65EF00200EF4 /* ProgressVC.m */; };
		F550D42B1CED99C700200EF4 /* ProgressModel.m in Sources */ = {isa = PBXBuildFile; fileRef = F550D42A1CED99C700200EF4 /* ProgressModel.m */; };
		F550D4381CED9A6A00200EF4 /* SqliteDriver.m in Sources */ = {isa = PBXBuildFile; fileRef = F550D42E1CED9A6A00200EF4 /* SqliteDriver.m */; };
		F550D4391CED9A6A00200EF4 /* SqliteMasterModel.m in Sources */ = {isa = PBXBuildFile; fileRef = F550D4311CED9A6A00200EF4 /* SqliteMasterModel.m */; };
		F550D43A1CED9A6A00200EF4 /* SqliteParam.m in Sources */ = {isa = PBXBuildFile; fileRef = F550D4331CED9A6A00200EF4 /* SqliteParam.m */; };
		F550D43B1CED9A6A00200EF4 /* SqlitePrepare.m in Sources */ = {isa = PBXBuildFile; fileRef = F550D4351CED9A6A00200EF4 /* SqlitePrepare.m */; };
		F550D43C1CED9A6A00200EF4 /* SqliteResult.m in Sources */ = {isa = PBXBuildFile; fileRef = F550D4371CED9A6A00200EF4 /* SqliteResult.m */; };
		F550D43E1CED9AA700200EF4 /* libsqlite3.tbd in Frameworks */ = {isa = PBXBuildFile; fileRef = F550D43D1CED9AA700200EF4 /* libsqlite3.tbd */; };
		F550D4421CED9CC900200EF4 /* ProgressManager.m in Sources */ = {isa = PBXBuildFile; fileRef = F550D4411CED9CC900200EF4 /* ProgressManager.m */; };
		F550D4481CED9E2000200EF4 /* MBFileManager.m in Sources */ = {isa = PBXBuildFile; fileRef = F550D4471CED9E2000200EF4 /* MBFileManager.m */; };
/* End PBXBuildFile section */

/* Begin PBXContainerItemProxy section */
		F550D35F1CE97BAE00200EF4 /* PBXContainerItemProxy */ = {
			isa = PBXContainerItemProxy;
			containerPortal = F550D33D1CE97BAE00200EF4 /* Project object */;
			proxyType = 1;
			remoteGlobalIDString = F550D3441CE97BAE00200EF4;
			remoteInfo = ManageBooks;
		};
		F550D36A1CE97BAE00200EF4 /* PBXContainerItemProxy */ = {
			isa = PBXContainerItemProxy;
			containerPortal = F550D33D1CE97BAE00200EF4 /* Project object */;
			proxyType = 1;
			remoteGlobalIDString = F550D3441CE97BAE00200EF4;
			remoteInfo = ManageBooks;
		};
/* End PBXContainerItemProxy section */

/* Begin PBXFileReference section */
		56D5E6A67BD3D85A4B1001AA /* Pods.debug.xcconfig */ = {isa = PBXFileReference; includeInIndex = 1; lastKnownFileType = text.xcconfig; name = Pods.debug.xcconfig; path = "Pods/Target Support Files/Pods/Pods.debug.xcconfig"; sourceTree = "<group>"; };
		77E7990675253E2548384975 /* Pods.release.xcconfig */ = {isa = PBXFileReference; includeInIndex = 1; lastKnownFileType = text.xcconfig; name = Pods.release.xcconfig; path = "Pods/Target Support Files/Pods/Pods.release.xcconfig"; sourceTree = "<group>"; };
		DD1394F60A32027223426D95 /* libPods.a */ = {isa = PBXFileReference; explicitFileType = archive.ar; includeInIndex = 0; path = libPods.a; sourceTree = BUILT_PRODUCTS_DIR; };
		F550D3451CE97BAE00200EF4 /* ManageBooks.app */ = {isa = PBXFileReference; explicitFileType = wrapper.application; includeInIndex = 0; path = ManageBooks.app; sourceTree = BUILT_PRODUCTS_DIR; };
		F550D3491CE97BAE00200EF4 /* main.m */ = {isa = PBXFileReference; lastKnownFileType = sourcecode.c.objc; path = main.m; sourceTree = "<group>"; };
		F550D34B1CE97BAE00200EF4 /* AppDelegate.h */ = {isa = PBXFileReference; lastKnownFileType = sourcecode.c.h; path = AppDelegate.h; sourceTree = "<group>"; };
		F550D34C1CE97BAE00200EF4 /* AppDelegate.m */ = {isa = PBXFileReference; lastKnownFileType = sourcecode.c.objc; path = AppDelegate.m; sourceTree = "<group>"; };
		F550D3521CE97BAE00200EF4 /* Base */ = {isa = PBXFileReference; lastKnownFileType = file.storyboard; name = Base; path = Base.lproj/Main.storyboard; sourceTree = "<group>"; };
		F550D3541CE97BAE00200EF4 /* Assets.xcassets */ = {isa = PBXFileReference; lastKnownFileType = folder.assetcatalog; path = Assets.xcassets; sourceTree = "<group>"; };
		F550D3571CE97BAE00200EF4 /* Base */ = {isa = PBXFileReference; lastKnownFileType = file.storyboard; name = Base; path = Base.lproj/LaunchScreen.storyboard; sourceTree = "<group>"; };
		F550D3591CE97BAE00200EF4 /* Info.plist */ = {isa = PBXFileReference; lastKnownFileType = text.plist.xml; path = Info.plist; sourceTree = "<group>"; };
		F550D35E1CE97BAE00200EF4 /* ManageBooksTests.xctest */ = {isa = PBXFileReference; explicitFileType = wrapper.cfbundle; includeInIndex = 0; path = ManageBooksTests.xctest; sourceTree = BUILT_PRODUCTS_DIR; };
		F550D3621CE97BAE00200EF4 /* ManageBooksTests.m */ = {isa = PBXFileReference; lastKnownFileType = sourcecode.c.objc; path = ManageBooksTests.m; sourceTree = "<group>"; };
		F550D3641CE97BAE00200EF4 /* Info.plist */ = {isa = PBXFileReference; lastKnownFileType = text.plist.xml; path = Info.plist; sourceTree = "<group>"; };
		F550D3691CE97BAE00200EF4 /* ManageBooksUITests.xctest */ = {isa = PBXFileReference; explicitFileType = wrapper.cfbundle; includeInIndex = 0; path = ManageBooksUITests.xctest; sourceTree = BUILT_PRODUCTS_DIR; };
		F550D36D1CE97BAE00200EF4 /* ManageBooksUITests.m */ = {isa = PBXFileReference; lastKnownFileType = sourcecode.c.objc; path = ManageBooksUITests.m; sourceTree = "<group>"; };
		F550D36F1CE97BAE00200EF4 /* Info.plist */ = {isa = PBXFileReference; lastKnownFileType = text.plist.xml; path = Info.plist; sourceTree = "<group>"; };
		F550D3811CE97D6C00200EF4 /* UrlBuilder.h */ = {isa = PBXFileReference; fileEncoding = 4; lastKnownFileType = sourcecode.c.h; path = UrlBuilder.h; sourceTree = "<group>"; };
		F550D3821CE97D6C00200EF4 /* UrlBuilder.m */ = {isa = PBXFileReference; fileEncoding = 4; lastKnownFileType = sourcecode.c.objc; path = UrlBuilder.m; sourceTree = "<group>"; };
		F550D3851CE9807200200EF4 /* GlobeDefine.h */ = {isa = PBXFileReference; fileEncoding = 4; lastKnownFileType = sourcecode.c.h; path = GlobeDefine.h; sourceTree = "<group>"; };
		F550D3861CE9807200200EF4 /* GlobeDefine.m */ = {isa = PBXFileReference; fileEncoding = 4; lastKnownFileType = sourcecode.c.objc; path = GlobeDefine.m; sourceTree = "<group>"; };
		F550D3891CE9AD9C00200EF4 /* AuthViewController.h */ = {isa = PBXFileReference; fileEncoding = 4; lastKnownFileType = sourcecode.c.h; path = AuthViewController.h; sourceTree = "<group>"; };
		F550D38A1CE9AD9C00200EF4 /* AuthViewController.m */ = {isa = PBXFileReference; fileEncoding = 4; lastKnownFileType = sourcecode.c.objc; path = AuthViewController.m; sourceTree = "<group>"; };
		F550D38C1CE9AFDF00200EF4 /* ManageBooks-Prefix.pch */ = {isa = PBXFileReference; lastKnownFileType = sourcecode.c.h; path = "ManageBooks-Prefix.pch"; sourceTree = "<group>"; };
		F550D38D1CE9B02C00200EF4 /* ViewControllerHeaders.h */ = {isa = PBXFileReference; lastKnownFileType = sourcecode.c.h; path = ViewControllerHeaders.h; sourceTree = "<group>"; };
		F550D38E1CE9B03F00200EF4 /* ModelHeaders.h */ = {isa = PBXFileReference; lastKnownFileType = sourcecode.c.h; path = ModelHeaders.h; sourceTree = "<group>"; };
		F550D38F1CE9B04D00200EF4 /* UtilityHeaders.h */ = {isa = PBXFileReference; lastKnownFileType = sourcecode.c.h; path = UtilityHeaders.h; sourceTree = "<group>"; };
		F550D3931CE9B0CC00200EF4 /* AuthDataController.h */ = {isa = PBXFileReference; fileEncoding = 4; lastKnownFileType = sourcecode.c.h; path = AuthDataController.h; sourceTree = "<group>"; };
		F550D3941CE9B0CC00200EF4 /* AuthDataController.m */ = {isa = PBXFileReference; fileEncoding = 4; lastKnownFileType = sourcecode.c.objc; path = AuthDataController.m; sourceTree = "<group>"; };
		F550D39D1CE9B86400200EF4 /* DataStore.h */ = {isa = PBXFileReference; fileEncoding = 4; lastKnownFileType = sourcecode.c.h; path = DataStore.h; sourceTree = "<group>"; };
		F550D39E1CE9B86400200EF4 /* DataStore.m */ = {isa = PBXFileReference; fileEncoding = 4; lastKnownFileType = sourcecode.c.objc; path = DataStore.m; sourceTree = "<group>"; };
		F550D39F1CE9B86400200EF4 /* UserDataStore.h */ = {isa = PBXFileReference; fileEncoding = 4; lastKnownFileType = sourcecode.c.h; path = UserDataStore.h; sourceTree = "<group>"; };
		F550D3A01CE9B86400200EF4 /* UserDataStore.m */ = {isa = PBXFileReference; fileEncoding = 4; lastKnownFileType = sourcecode.c.objc; path = UserDataStore.m; sourceTree = "<group>"; };
		F550D3A31CE9B87C00200EF4 /* DataManagerHeader.h */ = {isa = PBXFileReference; lastKnownFileType = sourcecode.c.h; path = DataManagerHeader.h; sourceTree = "<group>"; };
		F550D3A91CE9DB0500200EF4 /* BTagModel.h */ = {isa = PBXFileReference; fileEncoding = 4; lastKnownFileType = sourcecode.c.h; path = BTagModel.h; sourceTree = "<group>"; };
		F550D3AA1CE9DB0500200EF4 /* BTagModel.m */ = {isa = PBXFileReference; fileEncoding = 4; lastKnownFileType = sourcecode.c.objc; path = BTagModel.m; sourceTree = "<group>"; };
		F550D3AC1CE9DB1700200EF4 /* BRateModel.h */ = {isa = PBXFileReference; fileEncoding = 4; lastKnownFileType = sourcecode.c.h; path = BRateModel.h; sourceTree = "<group>"; };
		F550D3AD1CE9DB1700200EF4 /* BRateModel.m */ = {isa = PBXFileReference; fileEncoding = 4; lastKnownFileType = sourcecode.c.objc; path = BRateModel.m; sourceTree = "<group>"; };
		F550D3AF1CE9DB5100200EF4 /* BImageModel.h */ = {isa = PBXFileReference; fileEncoding = 4; lastKnownFileType = sourcecode.c.h; path = BImageModel.h; sourceTree = "<group>"; };
		F550D3B01CE9DB5100200EF4 /* BImageModel.m */ = {isa = PBXFileReference; fileEncoding = 4; lastKnownFileType = sourcecode.c.objc; path = BImageModel.m; sourceTree = "<group>"; };
		F550D3B21CE9DB9200200EF4 /* BookModel.h */ = {isa = PBXFileReference; fileEncoding = 4; lastKnownFileType = sourcecode.c.h; path = BookModel.h; sourceTree = "<group>"; };
		F550D3B31CE9DB9200200EF4 /* BookModel.m */ = {isa = PBXFileReference; fileEncoding = 4; lastKnownFileType = sourcecode.c.objc; path = BookModel.m; sourceTree = "<group>"; };
		F550D3B51CE9DBB800200EF4 /* BookDetailModelHeader.h */ = {isa = PBXFileReference; lastKnownFileType = sourcecode.c.h; path = BookDetailModelHeader.h; sourceTree = "<group>"; };
		F550D3B61CE9DD4200200EF4 /* UserBookModel.h */ = {isa = PBXFileReference; fileEncoding = 4; lastKnownFileType = sourcecode.c.h; path = UserBookModel.h; sourceTree = "<group>"; };
		F550D3B71CE9DD4200200EF4 /* UserBookModel.m */ = {isa = PBXFileReference; fileEncoding = 4; lastKnownFileType = sourcecode.c.objc; path = UserBookModel.m; sourceTree = "<group>"; };
		F550D3BC1CE9DE4100200EF4 /* BasicModelHeaders.h */ = {isa = PBXFileReference; lastKnownFileType = sourcecode.c.h; path = BasicModelHeaders.h; sourceTree = "<group>"; };
		F550D3C21CE9E07C00200EF4 /* RootViewController.h */ = {isa = PBXFileReference; fileEncoding = 4; lastKnownFileType = sourcecode.c.h; path = RootViewController.h; sourceTree = "<group>"; };
		F550D3C31CE9E07C00200EF4 /* RootViewController.m */ = {isa = PBXFileReference; fileEncoding = 4; lastKnownFileType = sourcecode.c.objc; path = RootViewController.m; sourceTree = "<group>"; };
		F550D3C51CE9E30800200EF4 /* RootDataController.h */ = {isa = PBXFileReference; fileEncoding = 4; lastKnownFileType = sourcecode.c.h; path = RootDataController.h; sourceTree = "<group>"; };
		F550D3C61CE9E30800200EF4 /* RootDataController.m */ = {isa = PBXFileReference; fileEncoding = 4; lastKnownFileType = sourcecode.c.objc; path = RootDataController.m; sourceTree = "<group>"; };
		F550D3C91CEB08C900200EF4 /* UIView+.h */ = {isa = PBXFileReference; fileEncoding = 4; lastKnownFileType = sourcecode.c.h; path = "UIView+.h"; sourceTree = "<group>"; };
		F550D3CA1CEB08C900200EF4 /* UIView+.m */ = {isa = PBXFileReference; fileEncoding = 4; lastKnownFileType = sourcecode.c.objc; path = "UIView+.m"; sourceTree = "<group>"; };
		F550D3CC1CEB08DF00200EF4 /* UIDevice+.h */ = {isa = PBXFileReference; fileEncoding = 4; lastKnownFileType = sourcecode.c.h; path = "UIDevice+.h"; sourceTree = "<group>"; };
		F550D3CD1CEB08DF00200EF4 /* UIDevice+.m */ = {isa = PBXFileReference; fileEncoding = 4; lastKnownFileType = sourcecode.c.objc; path = "UIDevice+.m"; sourceTree = "<group>"; };
		F550D3CE1CEB08DF00200EF4 /* UIImage+.h */ = {isa = PBXFileReference; fileEncoding = 4; lastKnownFileType = sourcecode.c.h; path = "UIImage+.h"; sourceTree = "<group>"; };
		F550D3CF1CEB08DF00200EF4 /* UIImage+.m */ = {isa = PBXFileReference; fileEncoding = 4; lastKnownFileType = sourcecode.c.objc; path = "UIImage+.m"; sourceTree = "<group>"; };
		F550D3D31CEB0A5500200EF4 /* BaseBookCell.h */ = {isa = PBXFileReference; fileEncoding = 4; lastKnownFileType = sourcecode.c.h; path = BaseBookCell.h; sourceTree = "<group>"; };
		F550D3D41CEB0A5500200EF4 /* BaseBookCell.m */ = {isa = PBXFileReference; fileEncoding = 4; lastKnownFileType = sourcecode.c.objc; path = BaseBookCell.m; sourceTree = "<group>"; };
		F550D3D71CEB288D00200EF4 /* Icon-60.png */ = {isa = PBXFileReference; lastKnownFileType = image.png; path = "Icon-60.png"; sourceTree = "<group>"; };
		F550D3D81CEB288D00200EF4 /* Icon-60@2x.png */ = {isa = PBXFileReference; lastKnownFileType = image.png; path = "Icon-60@2x.png"; sourceTree = "<group>"; };
		F550D3D91CEB288D00200EF4 /* Icon-72.png */ = {isa = PBXFileReference; lastKnownFileType = image.png; path = "Icon-72.png"; sourceTree = "<group>"; };
		F550D3DA1CEB288D00200EF4 /* Icon-72@2x.png */ = {isa = PBXFileReference; lastKnownFileType = image.png; path = "Icon-72@2x.png"; sourceTree = "<group>"; };
		F550D3DB1CEB288D00200EF4 /* Icon-76.png */ = {isa = PBXFileReference; lastKnownFileType = image.png; path = "Icon-76.png"; sourceTree = "<group>"; };
		F550D3DC1CEB288D00200EF4 /* Icon-76@2x.png */ = {isa = PBXFileReference; lastKnownFileType = image.png; path = "Icon-76@2x.png"; sourceTree = "<group>"; };
		F550D3DD1CEB288D00200EF4 /* Icon-Small-50.png */ = {isa = PBXFileReference; lastKnownFileType = image.png; path = "Icon-Small-50.png"; sourceTree = "<group>"; };
		F550D3DE1CEB288D00200EF4 /* Icon-Small-50@2x.png */ = {isa = PBXFileReference; lastKnownFileType = image.png; path = "Icon-Small-50@2x.png"; sourceTree = "<group>"; };
		F550D3DF1CEB288D00200EF4 /* Icon-Small.png */ = {isa = PBXFileReference; lastKnownFileType = image.png; path = "Icon-Small.png"; sourceTree = "<group>"; };
		F550D3E01CEB288D00200EF4 /* Icon-Small@2x.png */ = {isa = PBXFileReference; lastKnownFileType = image.png; path = "Icon-Small@2x.png"; sourceTree = "<group>"; };
		F550D3E11CEB288D00200EF4 /* Icon-Spotlight-40.png */ = {isa = PBXFileReference; lastKnownFileType = image.png; path = "Icon-Spotlight-40.png"; sourceTree = "<group>"; };
		F550D3E21CEB288D00200EF4 /* Icon-Spotlight-40@2x.png */ = {isa = PBXFileReference; lastKnownFileType = image.png; path = "Icon-Spotlight-40@2x.png"; sourceTree = "<group>"; };
		F550D3E31CEB288D00200EF4 /* Icon.png */ = {isa = PBXFileReference; lastKnownFileType = image.png; path = Icon.png; sourceTree = "<group>"; };
		F550D3E41CEB288D00200EF4 /* Icon@2x.png */ = {isa = PBXFileReference; lastKnownFileType = image.png; path = "Icon@2x.png"; sourceTree = "<group>"; };
		F550D3E51CEB288D00200EF4 /* iTunesArtwork */ = {isa = PBXFileReference; lastKnownFileType = file; path = iTunesArtwork; sourceTree = "<group>"; };
		F550D3E61CEB288D00200EF4 /* iTunesArtwork@2x */ = {isa = PBXFileReference; lastKnownFileType = file; path = "iTunesArtwork@2x"; sourceTree = "<group>"; };
		F550D3F91CEC159C00200EF4 /* BookDetailVC.h */ = {isa = PBXFileReference; fileEncoding = 4; lastKnownFileType = sourcecode.c.h; path = BookDetailVC.h; sourceTree = "<group>"; };
		F550D3FA1CEC159C00200EF4 /* BookDetailVC.m */ = {isa = PBXFileReference; fileEncoding = 4; lastKnownFileType = sourcecode.c.objc; path = BookDetailVC.m; sourceTree = "<group>"; };
		F550D3FD1CEC15C800200EF4 /* BookDetailDC.h */ = {isa = PBXFileReference; fileEncoding = 4; lastKnownFileType = sourcecode.c.h; path = BookDetailDC.h; sourceTree = "<group>"; };
		F550D3FE1CEC15C800200EF4 /* BookDetailDC.m */ = {isa = PBXFileReference; fileEncoding = 4; lastKnownFileType = sourcecode.c.objc; path = BookDetailDC.m; sourceTree = "<group>"; };
		F550D4011CEC577100200EF4 /* Contacts.framework */ = {isa = PBXFileReference; lastKnownFileType = wrapper.framework; name = Contacts.framework; path = System/Library/Frameworks/Contacts.framework; sourceTree = SDKROOT; };
		F550D4031CEC65D500200EF4 /* FRMaskImageView.h */ = {isa = PBXFileReference; fileEncoding = 4; lastKnownFileType = sourcecode.c.h; path = FRMaskImageView.h; sourceTree = "<group>"; };
		F550D4041CEC65D500200EF4 /* FRMaskImageView.m */ = {isa = PBXFileReference; fileEncoding = 4; lastKnownFileType = sourcecode.c.objc; path = FRMaskImageView.m; sourceTree = "<group>"; };
		F550D4061CEC65E300200EF4 /* ThirdPartHeader.h */ = {isa = PBXFileReference; lastKnownFileType = sourcecode.c.h; path = ThirdPartHeader.h; sourceTree = "<group>"; };
		F550D4071CEC67A300200EF4 /* ReadTypeView.h */ = {isa = PBXFileReference; fileEncoding = 4; lastKnownFileType = sourcecode.c.h; path = ReadTypeView.h; sourceTree = "<group>"; };
		F550D4081CEC67A300200EF4 /* ReadTypeView.m */ = {isa = PBXFileReference; fileEncoding = 4; lastKnownFileType = sourcecode.c.objc; path = ReadTypeView.m; sourceTree = "<group>"; };
		F550D40A1CEC899300200EF4 /* AnnotationView.h */ = {isa = PBXFileReference; fileEncoding = 4; lastKnownFileType = sourcecode.c.h; path = AnnotationView.h; sourceTree = "<group>"; };
		F550D40B1CEC899300200EF4 /* AnnotationView.m */ = {isa = PBXFileReference; fileEncoding = 4; lastKnownFileType = sourcecode.c.objc; path = AnnotationView.m; sourceTree = "<group>"; };
		F550D40D1CEC8A8100200EF4 /* AnnotationCell.h */ = {isa = PBXFileReference; fileEncoding = 4; lastKnownFileType = sourcecode.c.h; path = AnnotationCell.h; sourceTree = "<group>"; };
		F550D40E1CEC8A8100200EF4 /* AnnotationCell.m */ = {isa = PBXFileReference; fileEncoding = 4; lastKnownFileType = sourcecode.c.objc; path = AnnotationCell.m; sourceTree = "<group>"; };
		F550D4141CEC957700200EF4 /* AnnotationModel.h */ = {isa = PBXFileReference; fileEncoding = 4; lastKnownFileType = sourcecode.c.h; path = AnnotationModel.h; sourceTree = "<group>"; };
		F550D4151CEC957700200EF4 /* AnnotationModel.m */ = {isa = PBXFileReference; fileEncoding = 4; lastKnownFileType = sourcecode.c.objc; path = AnnotationModel.m; sourceTree = "<group>"; };
		F550D4171CEC958700200EF4 /* AnnotationAuthor.h */ = {isa = PBXFileReference; fileEncoding = 4; lastKnownFileType = sourcecode.c.h; path = AnnotationAuthor.h; sourceTree = "<group>"; };
		F550D4181CEC958700200EF4 /* AnnotationAuthor.m */ = {isa = PBXFileReference; fileEncoding = 4; lastKnownFileType = sourcecode.c.objc; path = AnnotationAuthor.m; sourceTree = "<group>"; };
		F550D41A1CEC965B00200EF4 /* AnnotationModelHeader.h */ = {isa = PBXFileReference; lastKnownFileType = sourcecode.c.h; path = AnnotationModelHeader.h; sourceTree = "<group>"; };
		F550D41C1CED61FB00200EF4 /* DACircularProgressView.h */ = {isa = PBXFileReference; fileEncoding = 4; lastKnownFileType = sourcecode.c.h; path = DACircularProgressView.h; sourceTree = "<group>"; };
		F550D41D1CED61FB00200EF4 /* DACircularProgressView.m */ = {isa = PBXFileReference; fileEncoding = 4; lastKnownFileType = sourcecode.c.objc; path = DACircularProgressView.m; sourceTree = "<group>"; };
		F550D41E1CED61FB00200EF4 /* DALabeledCircularProgressView.h */ = {isa = PBXFileReference; fileEncoding = 4; lastKnownFileType = sourcecode.c.h; path = DALabeledCircularProgressView.h; sourceTree = "<group>"; };
		F550D41F1CED61FB00200EF4 /* DALabeledCircularProgressView.m */ = {isa = PBXFileReference; fileEncoding = 4; lastKnownFileType = sourcecode.c.objc; path = DALabeledCircularProgressView.m; sourceTree = "<group>"; };
		F550D4241CED65EF00200EF4 /* ProgressVC.h */ = {isa = PBXFileReference; fileEncoding = 4; lastKnownFileType = sourcecode.c.h; path = ProgressVC.h; sourceTree = "<group>"; };
		F550D4251CED65EF00200EF4 /* ProgressVC.m */ = {isa = PBXFileReference; fileEncoding = 4; lastKnownFileType = sourcecode.c.objc; path = ProgressVC.m; sourceTree = "<group>"; };
		F550D4291CED99C700200EF4 /* ProgressModel.h */ = {isa = PBXFileReference; fileEncoding = 4; lastKnownFileType = sourcecode.c.h; path = ProgressModel.h; sourceTree = "<group>"; };
		F550D42A1CED99C700200EF4 /* ProgressModel.m */ = {isa = PBXFileReference; fileEncoding = 4; lastKnownFileType = sourcecode.c.objc; path = ProgressModel.m; sourceTree = "<group>"; };
		F550D42D1CED9A6A00200EF4 /* SqliteDriver.h */ = {isa = PBXFileReference; fileEncoding = 4; lastKnownFileType = sourcecode.c.h; path = SqliteDriver.h; sourceTree = "<group>"; };
		F550D42E1CED9A6A00200EF4 /* SqliteDriver.m */ = {isa = PBXFileReference; fileEncoding = 4; lastKnownFileType = sourcecode.c.objc; path = SqliteDriver.m; sourceTree = "<group>"; };
		F550D42F1CED9A6A00200EF4 /* SqliteHeaders.h */ = {isa = PBXFileReference; fileEncoding = 4; lastKnownFileType = sourcecode.c.h; path = SqliteHeaders.h; sourceTree = "<group>"; };
		F550D4301CED9A6A00200EF4 /* SqliteMasterModel.h */ = {isa = PBXFileReference; fileEncoding = 4; lastKnownFileType = sourcecode.c.h; path = SqliteMasterModel.h; sourceTree = "<group>"; };
		F550D4311CED9A6A00200EF4 /* SqliteMasterModel.m */ = {isa = PBXFileReference; fileEncoding = 4; lastKnownFileType = sourcecode.c.objc; path = SqliteMasterModel.m; sourceTree = "<group>"; };
		F550D4321CED9A6A00200EF4 /* SqliteParam.h */ = {isa = PBXFileReference; fileEncoding = 4; lastKnownFileType = sourcecode.c.h; path = SqliteParam.h; sourceTree = "<group>"; };
		F550D4331CED9A6A00200EF4 /* SqliteParam.m */ = {isa = PBXFileReference; fileEncoding = 4; lastKnownFileType = sourcecode.c.objc; path = SqliteParam.m; sourceTree = "<group>"; };
		F550D4341CED9A6A00200EF4 /* SqlitePrepare.h */ = {isa = PBXFileReference; fileEncoding = 4; lastKnownFileType = sourcecode.c.h; path = SqlitePrepare.h; sourceTree = "<group>"; };
		F550D4351CED9A6A00200EF4 /* SqlitePrepare.m */ = {isa = PBXFileReference; fileEncoding = 4; lastKnownFileType = sourcecode.c.objc; path = SqlitePrepare.m; sourceTree = "<group>"; };
		F550D4361CED9A6A00200EF4 /* SqliteResult.h */ = {isa = PBXFileReference; fileEncoding = 4; lastKnownFileType = sourcecode.c.h; path = SqliteResult.h; sourceTree = "<group>"; };
		F550D4371CED9A6A00200EF4 /* SqliteResult.m */ = {isa = PBXFileReference; fileEncoding = 4; lastKnownFileType = sourcecode.c.objc; path = SqliteResult.m; sourceTree = "<group>"; };
		F550D43D1CED9AA700200EF4 /* libsqlite3.tbd */ = {isa = PBXFileReference; lastKnownFileType = "sourcecode.text-based-dylib-definition"; name = libsqlite3.tbd; path = usr/lib/libsqlite3.tbd; sourceTree = SDKROOT; };
		F550D4401CED9CC900200EF4 /* ProgressManager.h */ = {isa = PBXFileReference; fileEncoding = 4; lastKnownFileType = sourcecode.c.h; path = ProgressManager.h; sourceTree = "<group>"; };
		F550D4411CED9CC900200EF4 /* ProgressManager.m */ = {isa = PBXFileReference; fileEncoding = 4; lastKnownFileType = sourcecode.c.objc; path = ProgressManager.m; sourceTree = "<group>"; };
		F550D4431CED9CEC00200EF4 /* DBManagerHeader.h */ = {isa = PBXFileReference; lastKnownFileType = sourcecode.c.h; path = DBManagerHeader.h; sourceTree = "<group>"; };
		F550D4461CED9E2000200EF4 /* MBFileManager.h */ = {isa = PBXFileReference; fileEncoding = 4; lastKnownFileType = sourcecode.c.h; path = MBFileManager.h; sourceTree = "<group>"; };
		F550D4471CED9E2000200EF4 /* MBFileManager.m */ = {isa = PBXFileReference; fileEncoding = 4; lastKnownFileType = sourcecode.c.objc; path = MBFileManager.m; sourceTree = "<group>"; };
/* End PBXFileReference section */

/* Begin PBXFrameworksBuildPhase section */
		F550D3421CE97BAE00200EF4 /* Frameworks */ = {
			isa = PBXFrameworksBuildPhase;
			buildActionMask = 2147483647;
			files = (
				F550D43E1CED9AA700200EF4 /* libsqlite3.tbd in Frameworks */,
				F550D4021CEC577100200EF4 /* Contacts.framework in Frameworks */,
				09F6DBB6959B2C17DF01FE38 /* libPods.a in Frameworks */,
			);
			runOnlyForDeploymentPostprocessing = 0;
		};
		F550D35B1CE97BAE00200EF4 /* Frameworks */ = {
			isa = PBXFrameworksBuildPhase;
			buildActionMask = 2147483647;
			files = (
			);
			runOnlyForDeploymentPostprocessing = 0;
		};
		F550D3661CE97BAE00200EF4 /* Frameworks */ = {
			isa = PBXFrameworksBuildPhase;
			buildActionMask = 2147483647;
			files = (
			);
			runOnlyForDeploymentPostprocessing = 0;
		};
/* End PBXFrameworksBuildPhase section */

/* Begin PBXGroup section */
		AB535CF2904FAFCA72961046 /* Pods */ = {
			isa = PBXGroup;
			children = (
				56D5E6A67BD3D85A4B1001AA /* Pods.debug.xcconfig */,
				77E7990675253E2548384975 /* Pods.release.xcconfig */,
			);
			name = Pods;
			sourceTree = "<group>";
		};
		D843DAF548D55D7E89689BD0 /* Frameworks */ = {
			isa = PBXGroup;
			children = (
				F550D43D1CED9AA700200EF4 /* libsqlite3.tbd */,
				F550D4011CEC577100200EF4 /* Contacts.framework */,
				DD1394F60A32027223426D95 /* libPods.a */,
			);
			name = Frameworks;
			sourceTree = "<group>";
		};
		F550D33C1CE97BAE00200EF4 = {
			isa = PBXGroup;
			children = (
				F550D3471CE97BAE00200EF4 /* ManageBooks */,
				F550D3611CE97BAE00200EF4 /* ManageBooksTests */,
				F550D36C1CE97BAE00200EF4 /* ManageBooksUITests */,
				F550D3461CE97BAE00200EF4 /* Products */,
				AB535CF2904FAFCA72961046 /* Pods */,
				D843DAF548D55D7E89689BD0 /* Frameworks */,
			);
			sourceTree = "<group>";
		};
		F550D3461CE97BAE00200EF4 /* Products */ = {
			isa = PBXGroup;
			children = (
				F550D3451CE97BAE00200EF4 /* ManageBooks.app */,
				F550D35E1CE97BAE00200EF4 /* ManageBooksTests.xctest */,
				F550D3691CE97BAE00200EF4 /* ManageBooksUITests.xctest */,
			);
			name = Products;
			sourceTree = "<group>";
		};
		F550D3471CE97BAE00200EF4 /* ManageBooks */ = {
			isa = PBXGroup;
			children = (
				F550D34B1CE97BAE00200EF4 /* AppDelegate.h */,
				F550D34C1CE97BAE00200EF4 /* AppDelegate.m */,
				F550D3841CE9806200200EF4 /* Utility */,
				F550D37B1CE97BE900200EF4 /* Models */,
				F550D37C1CE97BE900200EF4 /* ViewControllers */,
				F550D37D1CE97BE900200EF4 /* Views */,
				F550D3C81CEB08C100200EF4 /* ThirdPart */,
				F550D3511CE97BAE00200EF4 /* Main.storyboard */,
				F550D3541CE97BAE00200EF4 /* Assets.xcassets */,
				F550D3561CE97BAE00200EF4 /* LaunchScreen.storyboard */,
				F550D3591CE97BAE00200EF4 /* Info.plist */,
				F550D38C1CE9AFDF00200EF4 /* ManageBooks-Prefix.pch */,
				F550D3D61CEB288400200EF4 /* AppResources */,
				F550D3481CE97BAE00200EF4 /* Supporting Files */,
			);
			path = ManageBooks;
			sourceTree = "<group>";
		};
		F550D3481CE97BAE00200EF4 /* Supporting Files */ = {
			isa = PBXGroup;
			children = (
				F550D3491CE97BAE00200EF4 /* main.m */,
			);
			name = "Supporting Files";
			sourceTree = "<group>";
		};
		F550D3611CE97BAE00200EF4 /* ManageBooksTests */ = {
			isa = PBXGroup;
			children = (
				F550D3621CE97BAE00200EF4 /* ManageBooksTests.m */,
				F550D3641CE97BAE00200EF4 /* Info.plist */,
			);
			path = ManageBooksTests;
			sourceTree = "<group>";
		};
		F550D36C1CE97BAE00200EF4 /* ManageBooksUITests */ = {
			isa = PBXGroup;
			children = (
				F550D36D1CE97BAE00200EF4 /* ManageBooksUITests.m */,
				F550D36F1CE97BAE00200EF4 /* Info.plist */,
			);
			path = ManageBooksUITests;
			sourceTree = "<group>";
		};
		F550D37B1CE97BE900200EF4 /* Models */ = {
			isa = PBXGroup;
			children = (
				F550D38E1CE9B03F00200EF4 /* ModelHeaders.h */,
				F550D4451CED9E0C00200EF4 /* FileManager */,
				F550D43F1CED9CC100200EF4 /* DBManager */,
				F550D3A41CE9DA8C00200EF4 /* BasicModels */,
				F550D39C1CE9B85900200EF4 /* DataManager */,
				F550D3811CE97D6C00200EF4 /* UrlBuilder.h */,
				F550D3821CE97D6C00200EF4 /* UrlBuilder.m */,
			);
			path = Models;
			sourceTree = "<group>";
		};
		F550D37C1CE97BE900200EF4 /* ViewControllers */ = {
			isa = PBXGroup;
			children = (
				F550D38D1CE9B02C00200EF4 /* ViewControllerHeaders.h */,
				F550D3C11CE9E07C00200EF4 /* RootVC */,
				F550D3F81CEC158100200EF4 /* BookDetailVC */,
				F550D3881CE9AD8A00200EF4 /* AuthVC */,
				F550D4231CED65DF00200EF4 /* ProgressVC */,
			);
			path = ViewControllers;
			sourceTree = "<group>";
		};
		F550D37D1CE97BE900200EF4 /* Views */ = {
			isa = PBXGroup;
			children = (
			);
			path = Views;
			sourceTree = "<group>";
		};
		F550D3841CE9806200200EF4 /* Utility */ = {
			isa = PBXGroup;
			children = (
				F550D38F1CE9B04D00200EF4 /* UtilityHeaders.h */,
				F550D3CC1CEB08DF00200EF4 /* UIDevice+.h */,
				F550D3CD1CEB08DF00200EF4 /* UIDevice+.m */,
				F550D3CE1CEB08DF00200EF4 /* UIImage+.h */,
				F550D3CF1CEB08DF00200EF4 /* UIImage+.m */,
				F550D3C91CEB08C900200EF4 /* UIView+.h */,
				F550D3CA1CEB08C900200EF4 /* UIView+.m */,
				F550D3851CE9807200200EF4 /* GlobeDefine.h */,
				F550D3861CE9807200200EF4 /* GlobeDefine.m */,
			);
			path = Utility;
			sourceTree = "<group>";
		};
		F550D3881CE9AD8A00200EF4 /* AuthVC */ = {
			isa = PBXGroup;
			children = (
				F550D3891CE9AD9C00200EF4 /* AuthViewController.h */,
				F550D38A1CE9AD9C00200EF4 /* AuthViewController.m */,
				F550D3931CE9B0CC00200EF4 /* AuthDataController.h */,
				F550D3941CE9B0CC00200EF4 /* AuthDataController.m */,
			);
			path = AuthVC;
			sourceTree = "<group>";
		};
		F550D39C1CE9B85900200EF4 /* DataManager */ = {
			isa = PBXGroup;
			children = (
				F550D3A31CE9B87C00200EF4 /* DataManagerHeader.h */,
				F550D39D1CE9B86400200EF4 /* DataStore.h */,
				F550D39E1CE9B86400200EF4 /* DataStore.m */,
				F550D39F1CE9B86400200EF4 /* UserDataStore.h */,
				F550D3A01CE9B86400200EF4 /* UserDataStore.m */,
			);
			path = DataManager;
			sourceTree = "<group>";
		};
		F550D3A41CE9DA8C00200EF4 /* BasicModels */ = {
			isa = PBXGroup;
			children = (
				F550D3BC1CE9DE4100200EF4 /* BasicModelHeaders.h */,
				F550D3B61CE9DD4200200EF4 /* UserBookModel.h */,
				F550D3B71CE9DD4200200EF4 /* UserBookModel.m */,
				F550D3B21CE9DB9200200EF4 /* BookModel.h */,
				F550D3B31CE9DB9200200EF4 /* BookModel.m */,
				F550D4131CEC957700200EF4 /* AnnotationModel */,
				F550D3A81CE9DB0500200EF4 /* BookDetailModel */,
				F550D4281CED99B200200EF4 /* ProgressModel */,
			);
			path = BasicModels;
			sourceTree = "<group>";
		};
		F550D3A81CE9DB0500200EF4 /* BookDetailModel */ = {
			isa = PBXGroup;
			children = (
				F550D3B51CE9DBB800200EF4 /* BookDetailModelHeader.h */,
				F550D3A91CE9DB0500200EF4 /* BTagModel.h */,
				F550D3AA1CE9DB0500200EF4 /* BTagModel.m */,
				F550D3AC1CE9DB1700200EF4 /* BRateModel.h */,
				F550D3AD1CE9DB1700200EF4 /* BRateModel.m */,
				F550D3AF1CE9DB5100200EF4 /* BImageModel.h */,
				F550D3B01CE9DB5100200EF4 /* BImageModel.m */,
			);
			path = BookDetailModel;
			sourceTree = "<group>";
		};
		F550D3C11CE9E07C00200EF4 /* RootVC */ = {
			isa = PBXGroup;
			children = (
				F550D3C21CE9E07C00200EF4 /* RootViewController.h */,
				F550D3C31CE9E07C00200EF4 /* RootViewController.m */,
				F550D3C51CE9E30800200EF4 /* RootDataController.h */,
				F550D3C61CE9E30800200EF4 /* RootDataController.m */,
				F550D3D21CEB0A2500200EF4 /* RootViews */,
			);
			path = RootVC;
			sourceTree = "<group>";
		};
		F550D3C81CEB08C100200EF4 /* ThirdPart */ = {
			isa = PBXGroup;
			children = (
				F550D4061CEC65E300200EF4 /* ThirdPartHeader.h */,
				F550D4031CEC65D500200EF4 /* FRMaskImageView.h */,
				F550D4041CEC65D500200EF4 /* FRMaskImageView.m */,
				F550D42C1CED9A6A00200EF4 /* SqliteEngine */,
				F550D41B1CED61FB00200EF4 /* DACircularProgress */,
			);
			path = ThirdPart;
			sourceTree = "<group>";
		};
		F550D3D21CEB0A2500200EF4 /* RootViews */ = {
			isa = PBXGroup;
			children = (
				F550D3D31CEB0A5500200EF4 /* BaseBookCell.h */,
				F550D3D41CEB0A5500200EF4 /* BaseBookCell.m */,
			);
			path = RootViews;
			sourceTree = "<group>";
		};
		F550D3D61CEB288400200EF4 /* AppResources */ = {
			isa = PBXGroup;
			children = (
				F550D3D71CEB288D00200EF4 /* Icon-60.png */,
				F550D3D81CEB288D00200EF4 /* Icon-60@2x.png */,
				F550D3D91CEB288D00200EF4 /* Icon-72.png */,
				F550D3DA1CEB288D00200EF4 /* Icon-72@2x.png */,
				F550D3DB1CEB288D00200EF4 /* Icon-76.png */,
				F550D3DC1CEB288D00200EF4 /* Icon-76@2x.png */,
				F550D3DD1CEB288D00200EF4 /* Icon-Small-50.png */,
				F550D3DE1CEB288D00200EF4 /* Icon-Small-50@2x.png */,
				F550D3DF1CEB288D00200EF4 /* Icon-Small.png */,
				F550D3E01CEB288D00200EF4 /* Icon-Small@2x.png */,
				F550D3E11CEB288D00200EF4 /* Icon-Spotlight-40.png */,
				F550D3E21CEB288D00200EF4 /* Icon-Spotlight-40@2x.png */,
				F550D3E31CEB288D00200EF4 /* Icon.png */,
				F550D3E41CEB288D00200EF4 /* Icon@2x.png */,
				F550D3E51CEB288D00200EF4 /* iTunesArtwork */,
				F550D3E61CEB288D00200EF4 /* iTunesArtwork@2x */,
			);
			path = AppResources;
			sourceTree = "<group>";
		};
		F550D3F81CEC158100200EF4 /* BookDetailVC */ = {
			isa = PBXGroup;
			children = (
				F550D3F91CEC159C00200EF4 /* BookDetailVC.h */,
				F550D3FA1CEC159C00200EF4 /* BookDetailVC.m */,
				F550D4001CEC198D00200EF4 /* BookDetailView */,
				F550D3FC1CEC15B400200EF4 /* BookDetailModel */,
			);
			path = BookDetailVC;
			sourceTree = "<group>";
		};
		F550D3FC1CEC15B400200EF4 /* BookDetailModel */ = {
			isa = PBXGroup;
			children = (
				F550D3FD1CEC15C800200EF4 /* BookDetailDC.h */,
				F550D3FE1CEC15C800200EF4 /* BookDetailDC.m */,
			);
			path = BookDetailModel;
			sourceTree = "<group>";
		};
		F550D4001CEC198D00200EF4 /* BookDetailView */ = {
			isa = PBXGroup;
			children = (
				F550D4071CEC67A300200EF4 /* ReadTypeView.h */,
				F550D4081CEC67A300200EF4 /* ReadTypeView.m */,
				F550D40A1CEC899300200EF4 /* AnnotationView.h */,
				F550D40B1CEC899300200EF4 /* AnnotationView.m */,
				F550D40D1CEC8A8100200EF4 /* AnnotationCell.h */,
				F550D40E1CEC8A8100200EF4 /* AnnotationCell.m */,
			);
			path = BookDetailView;
			sourceTree = "<group>";
		};
		F550D4131CEC957700200EF4 /* AnnotationModel */ = {
			isa = PBXGroup;
			children = (
				F550D41A1CEC965B00200EF4 /* AnnotationModelHeader.h */,
				F550D4141CEC957700200EF4 /* AnnotationModel.h */,
				F550D4151CEC957700200EF4 /* AnnotationModel.m */,
				F550D4171CEC958700200EF4 /* AnnotationAuthor.h */,
				F550D4181CEC958700200EF4 /* AnnotationAuthor.m */,
			);
			path = AnnotationModel;
			sourceTree = "<group>";
		};
		F550D41B1CED61FB00200EF4 /* DACircularProgress */ = {
			isa = PBXGroup;
			children = (
				F550D41C1CED61FB00200EF4 /* DACircularProgressView.h */,
				F550D41D1CED61FB00200EF4 /* DACircularProgressView.m */,
				F550D41E1CED61FB00200EF4 /* DALabeledCircularProgressView.h */,
				F550D41F1CED61FB00200EF4 /* DALabeledCircularProgressView.m */,
			);
			path = DACircularProgress;
			sourceTree = "<group>";
		};
		F550D4231CED65DF00200EF4 /* ProgressVC */ = {
			isa = PBXGroup;
			children = (
				F550D4241CED65EF00200EF4 /* ProgressVC.h */,
				F550D4251CED65EF00200EF4 /* ProgressVC.m */,
				F550D4271CED661B00200EF4 /* ProgressDC */,
			);
			path = ProgressVC;
			sourceTree = "<group>";
		};
		F550D4271CED661B00200EF4 /* ProgressDC */ = {
			isa = PBXGroup;
			children = (
			);
			path = ProgressDC;
			sourceTree = "<group>";
		};
		F550D4281CED99B200200EF4 /* ProgressModel */ = {
			isa = PBXGroup;
			children = (
				F550D4291CED99C700200EF4 /* ProgressModel.h */,
				F550D42A1CED99C700200EF4 /* ProgressModel.m */,
			);
			path = ProgressModel;
			sourceTree = "<group>";
		};
		F550D42C1CED9A6A00200EF4 /* SqliteEngine */ = {
			isa = PBXGroup;
			children = (
				F550D42D1CED9A6A00200EF4 /* SqliteDriver.h */,
				F550D42E1CED9A6A00200EF4 /* SqliteDriver.m */,
				F550D42F1CED9A6A00200EF4 /* SqliteHeaders.h */,
				F550D4301CED9A6A00200EF4 /* SqliteMasterModel.h */,
				F550D4311CED9A6A00200EF4 /* SqliteMasterModel.m */,
				F550D4321CED9A6A00200EF4 /* SqliteParam.h */,
				F550D4331CED9A6A00200EF4 /* SqliteParam.m */,
				F550D4341CED9A6A00200EF4 /* SqlitePrepare.h */,
				F550D4351CED9A6A00200EF4 /* SqlitePrepare.m */,
				F550D4361CED9A6A00200EF4 /* SqliteResult.h */,
				F550D4371CED9A6A00200EF4 /* SqliteResult.m */,
			);
			path = SqliteEngine;
			sourceTree = "<group>";
		};
		F550D43F1CED9CC100200EF4 /* DBManager */ = {
			isa = PBXGroup;
			children = (
				F550D4431CED9CEC00200EF4 /* DBManagerHeader.h */,
				F550D4401CED9CC900200EF4 /* ProgressManager.h */,
				F550D4411CED9CC900200EF4 /* ProgressManager.m */,
			);
			path = DBManager;
			sourceTree = "<group>";
		};
		F550D4451CED9E0C00200EF4 /* FileManager */ = {
			isa = PBXGroup;
			children = (
				F550D4461CED9E2000200EF4 /* MBFileManager.h */,
				F550D4471CED9E2000200EF4 /* MBFileManager.m */,
			);
			path = FileManager;
			sourceTree = "<group>";
		};
/* End PBXGroup section */

/* Begin PBXNativeTarget section */
		F550D3441CE97BAE00200EF4 /* ManageBooks */ = {
			isa = PBXNativeTarget;
			buildConfigurationList = F550D3721CE97BAE00200EF4 /* Build configuration list for PBXNativeTarget "ManageBooks" */;
			buildPhases = (
				41FBBD7C287E74F18554F688 /* Check Pods Manifest.lock */,
				F550D3411CE97BAE00200EF4 /* Sources */,
				F550D3421CE97BAE00200EF4 /* Frameworks */,
				F550D3431CE97BAE00200EF4 /* Resources */,
				A91AFB2ED8172AADB95FD4BA /* Embed Pods Frameworks */,
				34EFBFD2FCB94D5448E8F7F1 /* Copy Pods Resources */,
			);
			buildRules = (
			);
			dependencies = (
			);
			name = ManageBooks;
			productName = ManageBooks;
			productReference = F550D3451CE97BAE00200EF4 /* ManageBooks.app */;
			productType = "com.apple.product-type.application";
		};
		F550D35D1CE97BAE00200EF4 /* ManageBooksTests */ = {
			isa = PBXNativeTarget;
			buildConfigurationList = F550D3751CE97BAE00200EF4 /* Build configuration list for PBXNativeTarget "ManageBooksTests" */;
			buildPhases = (
				F550D35A1CE97BAE00200EF4 /* Sources */,
				F550D35B1CE97BAE00200EF4 /* Frameworks */,
				F550D35C1CE97BAE00200EF4 /* Resources */,
			);
			buildRules = (
			);
			dependencies = (
				F550D3601CE97BAE00200EF4 /* PBXTargetDependency */,
			);
			name = ManageBooksTests;
			productName = ManageBooksTests;
			productReference = F550D35E1CE97BAE00200EF4 /* ManageBooksTests.xctest */;
			productType = "com.apple.product-type.bundle.unit-test";
		};
		F550D3681CE97BAE00200EF4 /* ManageBooksUITests */ = {
			isa = PBXNativeTarget;
			buildConfigurationList = F550D3781CE97BAE00200EF4 /* Build configuration list for PBXNativeTarget "ManageBooksUITests" */;
			buildPhases = (
				F550D3651CE97BAE00200EF4 /* Sources */,
				F550D3661CE97BAE00200EF4 /* Frameworks */,
				F550D3671CE97BAE00200EF4 /* Resources */,
			);
			buildRules = (
			);
			dependencies = (
				F550D36B1CE97BAE00200EF4 /* PBXTargetDependency */,
			);
			name = ManageBooksUITests;
			productName = ManageBooksUITests;
			productReference = F550D3691CE97BAE00200EF4 /* ManageBooksUITests.xctest */;
			productType = "com.apple.product-type.bundle.ui-testing";
		};
/* End PBXNativeTarget section */

/* Begin PBXProject section */
		F550D33D1CE97BAE00200EF4 /* Project object */ = {
			isa = PBXProject;
			attributes = {
				LastUpgradeCheck = 0730;
				ORGANIZATIONNAME = Frank;
				TargetAttributes = {
					F550D3441CE97BAE00200EF4 = {
						CreatedOnToolsVersion = 7.3;
					};
					F550D35D1CE97BAE00200EF4 = {
						CreatedOnToolsVersion = 7.3;
						TestTargetID = F550D3441CE97BAE00200EF4;
					};
					F550D3681CE97BAE00200EF4 = {
						CreatedOnToolsVersion = 7.3;
						TestTargetID = F550D3441CE97BAE00200EF4;
					};
				};
			};
			buildConfigurationList = F550D3401CE97BAE00200EF4 /* Build configuration list for PBXProject "ManageBooks" */;
			compatibilityVersion = "Xcode 3.2";
			developmentRegion = English;
			hasScannedForEncodings = 0;
			knownRegions = (
				en,
				Base,
			);
			mainGroup = F550D33C1CE97BAE00200EF4;
			productRefGroup = F550D3461CE97BAE00200EF4 /* Products */;
			projectDirPath = "";
			projectRoot = "";
			targets = (
				F550D3441CE97BAE00200EF4 /* ManageBooks */,
				F550D35D1CE97BAE00200EF4 /* ManageBooksTests */,
				F550D3681CE97BAE00200EF4 /* ManageBooksUITests */,
			);
		};
/* End PBXProject section */

/* Begin PBXResourcesBuildPhase section */
		F550D3431CE97BAE00200EF4 /* Resources */ = {
			isa = PBXResourcesBuildPhase;
			buildActionMask = 2147483647;
			files = (
				F550D3EA1CEB288D00200EF4 /* Icon-72@2x.png in Resources */,
				F550D3F21CEB288D00200EF4 /* Icon-Spotlight-40@2x.png in Resources */,
				F550D3EC1CEB288D00200EF4 /* Icon-76@2x.png in Resources */,
				F550D3EB1CEB288D00200EF4 /* Icon-76.png in Resources */,
				F550D3F31CEB288D00200EF4 /* Icon.png in Resources */,
				F550D3581CE97BAE00200EF4 /* LaunchScreen.storyboard in Resources */,
				F550D3E81CEB288D00200EF4 /* Icon-60@2x.png in Resources */,
				F550D3F11CEB288D00200EF4 /* Icon-Spotlight-40.png in Resources */,
				F550D3F01CEB288D00200EF4 /* Icon-Small@2x.png in Resources */,
				F550D3551CE97BAE00200EF4 /* Assets.xcassets in Resources */,
				F550D3E71CEB288D00200EF4 /* Icon-60.png in Resources */,
				F550D3ED1CEB288D00200EF4 /* Icon-Small-50.png in Resources */,
				F550D3EF1CEB288D00200EF4 /* Icon-Small.png in Resources */,
				F550D3F51CEB288D00200EF4 /* iTunesArtwork in Resources */,
				F550D3F41CEB288D00200EF4 /* Icon@2x.png in Resources */,
				F550D3531CE97BAE00200EF4 /* Main.storyboard in Resources */,
				F550D3E91CEB288D00200EF4 /* Icon-72.png in Resources */,
				F550D3EE1CEB288D00200EF4 /* Icon-Small-50@2x.png in Resources */,
				F550D3F61CEB288D00200EF4 /* iTunesArtwork@2x in Resources */,
			);
			runOnlyForDeploymentPostprocessing = 0;
		};
		F550D35C1CE97BAE00200EF4 /* Resources */ = {
			isa = PBXResourcesBuildPhase;
			buildActionMask = 2147483647;
			files = (
			);
			runOnlyForDeploymentPostprocessing = 0;
		};
		F550D3671CE97BAE00200EF4 /* Resources */ = {
			isa = PBXResourcesBuildPhase;
			buildActionMask = 2147483647;
			files = (
			);
			runOnlyForDeploymentPostprocessing = 0;
		};
/* End PBXResourcesBuildPhase section */

/* Begin PBXShellScriptBuildPhase section */
		34EFBFD2FCB94D5448E8F7F1 /* Copy Pods Resources */ = {
			isa = PBXShellScriptBuildPhase;
			buildActionMask = 2147483647;
			files = (
			);
			inputPaths = (
			);
			name = "Copy Pods Resources";
			outputPaths = (
			);
			runOnlyForDeploymentPostprocessing = 0;
			shellPath = /bin/sh;
			shellScript = "\"${SRCROOT}/Pods/Target Support Files/Pods/Pods-resources.sh\"\n";
			showEnvVarsInLog = 0;
		};
		41FBBD7C287E74F18554F688 /* Check Pods Manifest.lock */ = {
			isa = PBXShellScriptBuildPhase;
			buildActionMask = 2147483647;
			files = (
			);
			inputPaths = (
			);
			name = "Check Pods Manifest.lock";
			outputPaths = (
			);
			runOnlyForDeploymentPostprocessing = 0;
			shellPath = /bin/sh;
			shellScript = "diff \"${PODS_ROOT}/../Podfile.lock\" \"${PODS_ROOT}/Manifest.lock\" > /dev/null\nif [[ $? != 0 ]] ; then\n    cat << EOM\nerror: The sandbox is not in sync with the Podfile.lock. Run 'pod install' or update your CocoaPods installation.\nEOM\n    exit 1\nfi\n";
			showEnvVarsInLog = 0;
		};
		A91AFB2ED8172AADB95FD4BA /* Embed Pods Frameworks */ = {
			isa = PBXShellScriptBuildPhase;
			buildActionMask = 2147483647;
			files = (
			);
			inputPaths = (
			);
			name = "Embed Pods Frameworks";
			outputPaths = (
			);
			runOnlyForDeploymentPostprocessing = 0;
			shellPath = /bin/sh;
			shellScript = "\"${SRCROOT}/Pods/Target Support Files/Pods/Pods-frameworks.sh\"\n";
			showEnvVarsInLog = 0;
		};
/* End PBXShellScriptBuildPhase section */

/* Begin PBXSourcesBuildPhase section */
		F550D3411CE97BAE00200EF4 /* Sources */ = {
			isa = PBXSourcesBuildPhase;
			buildActionMask = 2147483647;
			files = (
				F550D4051CEC65D500200EF4 /* FRMaskImageView.m in Sources */,
				F550D40C1CEC899300200EF4 /* AnnotationView.m in Sources */,
				F550D4421CED9CC900200EF4 /* ProgressManager.m in Sources */,
				F550D43B1CED9A6A00200EF4 /* SqlitePrepare.m in Sources */,
				F550D3871CE9807200200EF4 /* GlobeDefine.m in Sources */,
				F550D4161CEC957700200EF4 /* AnnotationModel.m in Sources */,
				F550D4191CEC958700200EF4 /* AnnotationAuthor.m in Sources */,
				F550D4261CED65EF00200EF4 /* ProgressVC.m in Sources */,
				F550D4481CED9E2000200EF4 /* MBFileManager.m in Sources */,
				F550D4201CED61FB00200EF4 /* DACircularProgressView.m in Sources */,
				F550D4381CED9A6A00200EF4 /* SqliteDriver.m in Sources */,
				F550D3FF1CEC15C800200EF4 /* BookDetailDC.m in Sources */,
				F550D3C71CE9E30800200EF4 /* RootDataController.m in Sources */,
				F550D3B81CE9DD4200200EF4 /* UserBookModel.m in Sources */,
				F550D40F1CEC8A8100200EF4 /* AnnotationCell.m in Sources */,
				F550D3C41CE9E07C00200EF4 /* RootViewController.m in Sources */,
				F550D3FB1CEC159C00200EF4 /* BookDetailVC.m in Sources */,
				F550D34D1CE97BAE00200EF4 /* AppDelegate.m in Sources */,
				F550D42B1CED99C700200EF4 /* ProgressModel.m in Sources */,
				F550D3D11CEB08DF00200EF4 /* UIImage+.m in Sources */,
				F550D3D01CEB08DF00200EF4 /* UIDevice+.m in Sources */,
				F550D3AE1CE9DB1700200EF4 /* BRateModel.m in Sources */,
				F550D43A1CED9A6A00200EF4 /* SqliteParam.m in Sources */,
				F550D3B41CE9DB9200200EF4 /* BookModel.m in Sources */,
				F550D3831CE97D6C00200EF4 /* UrlBuilder.m in Sources */,
				F550D3CB1CEB08C900200EF4 /* UIView+.m in Sources */,
				F550D3A11CE9B86400200EF4 /* DataStore.m in Sources */,
				F550D3B11CE9DB5100200EF4 /* BImageModel.m in Sources */,
				F550D43C1CED9A6A00200EF4 /* SqliteResult.m in Sources */,
				F550D3951CE9B0CC00200EF4 /* AuthDataController.m in Sources */,
				F550D4091CEC67A300200EF4 /* ReadTypeView.m in Sources */,
				F550D4211CED61FB00200EF4 /* DALabeledCircularProgressView.m in Sources */,
				F550D3A21CE9B86400200EF4 /* UserDataStore.m in Sources */,
				F550D38B1CE9AD9C00200EF4 /* AuthViewController.m in Sources */,
				F550D3D51CEB0A5500200EF4 /* BaseBookCell.m in Sources */,
				F550D4391CED9A6A00200EF4 /* SqliteMasterModel.m in Sources */,
				F550D34A1CE97BAE00200EF4 /* main.m in Sources */,
				F550D3AB1CE9DB0500200EF4 /* BTagModel.m in Sources */,
			);
			runOnlyForDeploymentPostprocessing = 0;
		};
		F550D35A1CE97BAE00200EF4 /* Sources */ = {
			isa = PBXSourcesBuildPhase;
			buildActionMask = 2147483647;
			files = (
				F550D3631CE97BAE00200EF4 /* ManageBooksTests.m in Sources */,
			);
			runOnlyForDeploymentPostprocessing = 0;
		};
		F550D3651CE97BAE00200EF4 /* Sources */ = {
			isa = PBXSourcesBuildPhase;
			buildActionMask = 2147483647;
			files = (
				F550D36E1CE97BAE00200EF4 /* ManageBooksUITests.m in Sources */,
			);
			runOnlyForDeploymentPostprocessing = 0;
		};
/* End PBXSourcesBuildPhase section */

/* Begin PBXTargetDependency section */
		F550D3601CE97BAE00200EF4 /* PBXTargetDependency */ = {
			isa = PBXTargetDependency;
			target = F550D3441CE97BAE00200EF4 /* ManageBooks */;
			targetProxy = F550D35F1CE97BAE00200EF4 /* PBXContainerItemProxy */;
		};
		F550D36B1CE97BAE00200EF4 /* PBXTargetDependency */ = {
			isa = PBXTargetDependency;
			target = F550D3441CE97BAE00200EF4 /* ManageBooks */;
			targetProxy = F550D36A1CE97BAE00200EF4 /* PBXContainerItemProxy */;
		};
/* End PBXTargetDependency section */

/* Begin PBXVariantGroup section */
		F550D3511CE97BAE00200EF4 /* Main.storyboard */ = {
			isa = PBXVariantGroup;
			children = (
				F550D3521CE97BAE00200EF4 /* Base */,
			);
			name = Main.storyboard;
			sourceTree = "<group>";
		};
		F550D3561CE97BAE00200EF4 /* LaunchScreen.storyboard */ = {
			isa = PBXVariantGroup;
			children = (
				F550D3571CE97BAE00200EF4 /* Base */,
			);
			name = LaunchScreen.storyboard;
			sourceTree = "<group>";
		};
/* End PBXVariantGroup section */

/* Begin XCBuildConfiguration section */
		F550D3701CE97BAE00200EF4 /* Debug */ = {
			isa = XCBuildConfiguration;
			buildSettings = {
				ALWAYS_SEARCH_USER_PATHS = NO;
				CLANG_ANALYZER_NONNULL = YES;
				CLANG_CXX_LANGUAGE_STANDARD = "gnu++0x";
				CLANG_CXX_LIBRARY = "libc++";
				CLANG_ENABLE_MODULES = YES;
				CLANG_ENABLE_OBJC_ARC = YES;
				CLANG_WARN_BOOL_CONVERSION = YES;
				CLANG_WARN_CONSTANT_CONVERSION = YES;
				CLANG_WARN_DIRECT_OBJC_ISA_USAGE = YES_ERROR;
				CLANG_WARN_EMPTY_BODY = YES;
				CLANG_WARN_ENUM_CONVERSION = YES;
				CLANG_WARN_INT_CONVERSION = YES;
				CLANG_WARN_OBJC_ROOT_CLASS = YES_ERROR;
				CLANG_WARN_UNREACHABLE_CODE = YES;
				CLANG_WARN__DUPLICATE_METHOD_MATCH = YES;
				"CODE_SIGN_IDENTITY[sdk=iphoneos*]" = "iPhone Developer";
				COPY_PHASE_STRIP = NO;
				DEBUG_INFORMATION_FORMAT = dwarf;
				ENABLE_STRICT_OBJC_MSGSEND = YES;
				ENABLE_TESTABILITY = YES;
				GCC_C_LANGUAGE_STANDARD = gnu99;
				GCC_DYNAMIC_NO_PIC = NO;
				GCC_NO_COMMON_BLOCKS = YES;
				GCC_OPTIMIZATION_LEVEL = 0;
				GCC_PREPROCESSOR_DEFINITIONS = (
					"DEBUG=1",
					"$(inherited)",
				);
				GCC_WARN_64_TO_32_BIT_CONVERSION = YES;
				GCC_WARN_ABOUT_RETURN_TYPE = YES_ERROR;
				GCC_WARN_UNDECLARED_SELECTOR = YES;
				GCC_WARN_UNINITIALIZED_AUTOS = YES_AGGRESSIVE;
				GCC_WARN_UNUSED_FUNCTION = YES;
				GCC_WARN_UNUSED_VARIABLE = YES;
				IPHONEOS_DEPLOYMENT_TARGET = 9.3;
				MTL_ENABLE_DEBUG_INFO = YES;
				ONLY_ACTIVE_ARCH = YES;
				SDKROOT = iphoneos;
			};
			name = Debug;
		};
		F550D3711CE97BAE00200EF4 /* Release */ = {
			isa = XCBuildConfiguration;
			buildSettings = {
				ALWAYS_SEARCH_USER_PATHS = NO;
				CLANG_ANALYZER_NONNULL = YES;
				CLANG_CXX_LANGUAGE_STANDARD = "gnu++0x";
				CLANG_CXX_LIBRARY = "libc++";
				CLANG_ENABLE_MODULES = YES;
				CLANG_ENABLE_OBJC_ARC = YES;
				CLANG_WARN_BOOL_CONVERSION = YES;
				CLANG_WARN_CONSTANT_CONVERSION = YES;
				CLANG_WARN_DIRECT_OBJC_ISA_USAGE = YES_ERROR;
				CLANG_WARN_EMPTY_BODY = YES;
				CLANG_WARN_ENUM_CONVERSION = YES;
				CLANG_WARN_INT_CONVERSION = YES;
				CLANG_WARN_OBJC_ROOT_CLASS = YES_ERROR;
				CLANG_WARN_UNREACHABLE_CODE = YES;
				CLANG_WARN__DUPLICATE_METHOD_MATCH = YES;
				"CODE_SIGN_IDENTITY[sdk=iphoneos*]" = "iPhone Developer";
				COPY_PHASE_STRIP = NO;
				DEBUG_INFORMATION_FORMAT = "dwarf-with-dsym";
				ENABLE_NS_ASSERTIONS = NO;
				ENABLE_STRICT_OBJC_MSGSEND = YES;
				GCC_C_LANGUAGE_STANDARD = gnu99;
				GCC_NO_COMMON_BLOCKS = YES;
				GCC_WARN_64_TO_32_BIT_CONVERSION = YES;
				GCC_WARN_ABOUT_RETURN_TYPE = YES_ERROR;
				GCC_WARN_UNDECLARED_SELECTOR = YES;
				GCC_WARN_UNINITIALIZED_AUTOS = YES_AGGRESSIVE;
				GCC_WARN_UNUSED_FUNCTION = YES;
				GCC_WARN_UNUSED_VARIABLE = YES;
				IPHONEOS_DEPLOYMENT_TARGET = 9.3;
				MTL_ENABLE_DEBUG_INFO = NO;
				SDKROOT = iphoneos;
				VALIDATE_PRODUCT = YES;
			};
			name = Release;
		};
		F550D3731CE97BAE00200EF4 /* Debug */ = {
			isa = XCBuildConfiguration;
			baseConfigurationReference = 56D5E6A67BD3D85A4B1001AA /* Pods.debug.xcconfig */;
			buildSettings = {
				ASSETCATALOG_COMPILER_APPICON_NAME = AppIcon;
				GCC_PREFIX_HEADER = "ManageBooks/ManageBooks-Prefix.pch";
				INFOPLIST_FILE = ManageBooks/Info.plist;
				IPHONEOS_DEPLOYMENT_TARGET = 7.0;
				LD_RUNPATH_SEARCH_PATHS = "$(inherited) @executable_path/Frameworks";
				PRODUCT_BUNDLE_IDENTIFIER = frank.ManageBooks;
				PRODUCT_NAME = "$(TARGET_NAME)";
			};
			name = Debug;
		};
		F550D3741CE97BAE00200EF4 /* Release */ = {
			isa = XCBuildConfiguration;
			baseConfigurationReference = 77E7990675253E2548384975 /* Pods.release.xcconfig */;
			buildSettings = {
				ASSETCATALOG_COMPILER_APPICON_NAME = AppIcon;
				GCC_PREFIX_HEADER = "ManageBooks/ManageBooks-Prefix.pch";
				INFOPLIST_FILE = ManageBooks/Info.plist;
				IPHONEOS_DEPLOYMENT_TARGET = 7.0;
				LD_RUNPATH_SEARCH_PATHS = "$(inherited) @executable_path/Frameworks";
				PRODUCT_BUNDLE_IDENTIFIER = frank.ManageBooks;
				PRODUCT_NAME = "$(TARGET_NAME)";
			};
			name = Release;
		};
		F550D3761CE97BAE00200EF4 /* Debug */ = {
			isa = XCBuildConfiguration;
			buildSettings = {
				BUNDLE_LOADER = "$(TEST_HOST)";
				INFOPLIST_FILE = ManageBooksTests/Info.plist;
				LD_RUNPATH_SEARCH_PATHS = "$(inherited) @executable_path/Frameworks @loader_path/Frameworks";
				PRODUCT_BUNDLE_IDENTIFIER = frank.ManageBooksTests;
				PRODUCT_NAME = "$(TARGET_NAME)";
				TEST_HOST = "$(BUILT_PRODUCTS_DIR)/ManageBooks.app/ManageBooks";
			};
			name = Debug;
		};
		F550D3771CE97BAE00200EF4 /* Release */ = {
			isa = XCBuildConfiguration;
			buildSettings = {
				BUNDLE_LOADER = "$(TEST_HOST)";
				INFOPLIST_FILE = ManageBooksTests/Info.plist;
				LD_RUNPATH_SEARCH_PATHS = "$(inherited) @executable_path/Frameworks @loader_path/Frameworks";
				PRODUCT_BUNDLE_IDENTIFIER = frank.ManageBooksTests;
				PRODUCT_NAME = "$(TARGET_NAME)";
				TEST_HOST = "$(BUILT_PRODUCTS_DIR)/ManageBooks.app/ManageBooks";
			};
			name = Release;
		};
		F550D3791CE97BAE00200EF4 /* Debug */ = {
			isa = XCBuildConfiguration;
			buildSettings = {
				INFOPLIST_FILE = ManageBooksUITests/Info.plist;
				LD_RUNPATH_SEARCH_PATHS = "$(inherited) @executable_path/Frameworks @loader_path/Frameworks";
				PRODUCT_BUNDLE_IDENTIFIER = frank.ManageBooksUITests;
				PRODUCT_NAME = "$(TARGET_NAME)";
				TEST_TARGET_NAME = ManageBooks;
			};
			name = Debug;
		};
		F550D37A1CE97BAE00200EF4 /* Release */ = {
			isa = XCBuildConfiguration;
			buildSettings = {
				INFOPLIST_FILE = ManageBooksUITests/Info.plist;
				LD_RUNPATH_SEARCH_PATHS = "$(inherited) @executable_path/Frameworks @loader_path/Frameworks";
				PRODUCT_BUNDLE_IDENTIFIER = frank.ManageBooksUITests;
				PRODUCT_NAME = "$(TARGET_NAME)";
				TEST_TARGET_NAME = ManageBooks;
			};
			name = Release;
		};
/* End XCBuildConfiguration section */

/* Begin XCConfigurationList section */
		F550D3401CE97BAE00200EF4 /* Build configuration list for PBXProject "ManageBooks" */ = {
			isa = XCConfigurationList;
			buildConfigurations = (
				F550D3701CE97BAE00200EF4 /* Debug */,
				F550D3711CE97BAE00200EF4 /* Release */,
			);
			defaultConfigurationIsVisible = 0;
			defaultConfigurationName = Release;
		};
		F550D3721CE97BAE00200EF4 /* Build configuration list for PBXNativeTarget "ManageBooks" */ = {
			isa = XCConfigurationList;
			buildConfigurations = (
				F550D3731CE97BAE00200EF4 /* Debug */,
				F550D3741CE97BAE00200EF4 /* Release */,
			);
			defaultConfigurationIsVisible = 0;
			defaultConfigurationName = Release;
		};
		F550D3751CE97BAE00200EF4 /* Build configuration list for PBXNativeTarget "ManageBooksTests" */ = {
			isa = XCConfigurationList;
			buildConfigurations = (
				F550D3761CE97BAE00200EF4 /* Debug */,
				F550D3771CE97BAE00200EF4 /* Release */,
			);
			defaultConfigurationIsVisible = 0;
			defaultConfigurationName = Release;
		};
		F550D3781CE97BAE00200EF4 /* Build configuration list for PBXNativeTarget "ManageBooksUITests" */ = {
			isa = XCConfigurationList;
			buildConfigurations = (
				F550D3791CE97BAE00200EF4 /* Debug */,
				F550D37A1CE97BAE00200EF4 /* Release */,
			);
			defaultConfigurationIsVisible = 0;
			defaultConfigurationName = Release;
		};
/* End XCConfigurationList section */
	};
	rootObject = F550D33D1CE97BAE00200EF4 /* Project object */;
}
